
Microsoft Visual Studio Solution File, Format Version 12.00
# Visual Studio 2013
VisualStudioVersion = 12.0.21005.1
MinimumVisualStudioVersion = 10.0.40219.1
Project("{FAE04EC0-301F-11D3-BF4B-00C04F79EFBC}") = "Model", "Model\Model.csproj", "{4EFAB6A3-D687-4744-90A3-5AC38497275D}"
EndProject
Project("{FAE04EC0-301F-11D3-BF4B-00C04F79EFBC}") = "Repository", "Repository\Repository.csproj", "{6F152B9E-966F-4458-9AE2-4197F8BDACD2}"
EndProject
Project("{FAE04EC0-301F-11D3-BF4B-00C04F79EFBC}") = "UnitTestProject", "UnitTestProject\UnitTestProject.csproj", "{06ACCFC9-E8E0-4203-8EA4-54D198689936}"
EndProject
Global
	GlobalSection(SolutionConfigurationPlatforms) = preSolution
		Debug|Any CPU = Debug|Any CPU
		Release|Any CPU = Release|Any CPU
	EndGlobalSection
	GlobalSection(ProjectConfigurationPlatforms) = postSolution
		{4EFAB6A3-D687-4744-90A3-5AC38497275D}.Debug|Any CPU.ActiveCfg = Debug|Any CPU
		{4EFAB6A3-D687-4744-90A3-5AC38497275D}.Debug|Any CPU.Build.0 = Debug|Any CPU
		{4EFAB6A3-D687-4744-90A3-5AC38497275D}.Release|Any CPU.ActiveCfg = Release|Any CPU
		{4EFAB6A3-D687-4744-90A3-5AC38497275D}.Release|Any CPU.Build.0 = Release|Any CPU
		{6F152B9E-966F-4458-9AE2-4197F8BDACD2}.Debug|Any CPU.ActiveCfg = Debug|Any CPU
		{6F152B9E-966F-4458-9AE2-4197F8BDACD2}.Debug|Any CPU.Build.0 = Debug|Any CPU
		{6F152B9E-966F-4458-9AE2-4197F8BDACD2}.Release|Any CPU.ActiveCfg = Release|Any CPU
		{6F152B9E-966F-4458-9AE2-4197F8BDACD2}.Release|Any CPU.Build.0 = Release|Any CPU
		{06ACCFC9-E8E0-4203-8EA4-54D198689936}.Debug|Any CPU.ActiveCfg = Debug|Any CPU
		{06ACCFC9-E8E0-4203-8EA4-54D198689936}.Debug|Any CPU.Build.0 = Debug|Any CPU
		{06ACCFC9-E8E0-4203-8EA4-54D198689936}.Release|Any CPU.ActiveCfg = Release|Any CPU
		{06ACCFC9-E8E0-4203-8EA4-54D198689936}.Release|Any CPU.Build.0 = Release|Any CPU
	EndGlobalSection
	GlobalSection(SolutionProperties) = preSolution
		HideSolutionNode = FALSE
	EndGlobalSection
EndGlobal
